// !$*UTF8*$!
{
	archiveVersion = 1;
	classes = {
	};
	objectVersion = 50;
	objects = {

/* Begin PBXBuildFile section */
		EB32C39B2446DACA00CD1DFB /* AppDelegate.swift in Sources */ = {isa = PBXBuildFile; fileRef = EB32C39A2446DACA00CD1DFB /* AppDelegate.swift */; };
		EB32C39D2446DACA00CD1DFB /* SceneDelegate.swift in Sources */ = {isa = PBXBuildFile; fileRef = EB32C39C2446DACA00CD1DFB /* SceneDelegate.swift */; };
		EB32C39F2446DACA00CD1DFB /* POIsTableViewController.swift in Sources */ = {isa = PBXBuildFile; fileRef = EB32C39E2446DACA00CD1DFB /* POIsTableViewController.swift */; };
		EB32C3A22446DACA00CD1DFB /* Main.storyboard in Resources */ = {isa = PBXBuildFile; fileRef = EB32C3A02446DACA00CD1DFB /* Main.storyboard */; };
		EB32C3A42446DACC00CD1DFB /* Assets.xcassets in Resources */ = {isa = PBXBuildFile; fileRef = EB32C3A32446DACC00CD1DFB /* Assets.xcassets */; };
		EB32C3A72446DACC00CD1DFB /* LaunchScreen.storyboard in Resources */ = {isa = PBXBuildFile; fileRef = EB32C3A52446DACC00CD1DFB /* LaunchScreen.storyboard */; };
/* End PBXBuildFile section */

/* Begin PBXFileReference section */
		EB32C3972446DAC900CD1DFB /* Grail Diary.app */ = {isa = PBXFileReference; explicitFileType = wrapper.application; includeInIndex = 0; path = "Grail Diary.app"; sourceTree = BUILT_PRODUCTS_DIR; };
		EB32C39A2446DACA00CD1DFB /* AppDelegate.swift */ = {isa = PBXFileReference; lastKnownFileType = sourcecode.swift; path = AppDelegate.swift; sourceTree = "<group>"; };
		EB32C39C2446DACA00CD1DFB /* SceneDelegate.swift */ = {isa = PBXFileReference; lastKnownFileType = sourcecode.swift; path = SceneDelegate.swift; sourceTree = "<group>"; };
		EB32C39E2446DACA00CD1DFB /* POIsTableViewController.swift */ = {isa = PBXFileReference; lastKnownFileType = sourcecode.swift; path = POIsTableViewController.swift; sourceTree = "<group>"; };
		EB32C3A12446DACA00CD1DFB /* Base */ = {isa = PBXFileReference; lastKnownFileType = file.storyboard; name = Base; path = Base.lproj/Main.storyboard; sourceTree = "<group>"; };
		EB32C3A32446DACC00CD1DFB /* Assets.xcassets */ = {isa = PBXFileReference; lastKnownFileType = folder.assetcatalog; path = Assets.xcassets; sourceTree = "<group>"; };
		EB32C3A62446DACC00CD1DFB /* Base */ = {isa = PBXFileReference; lastKnownFileType = file.storyboard; name = Base; path = Base.lproj/LaunchScreen.storyboard; sourceTree = "<group>"; };
		EB32C3A82446DACC00CD1DFB /* Info.plist */ = {isa = PBXFileReference; lastKnownFileType = text.plist.xml; path = Info.plist; sourceTree = "<group>"; };
		EB32C3AE2446DE6C00CD1DFB /* README.md */ = {isa = PBXFileReference; lastKnownFileType = net.daringfireball.markdown; path = README.md; sourceTree = "<group>"; };
/* End PBXFileReference section */

/* Begin PBXFrameworksBuildPhase section */
		EB32C3942446DAC900CD1DFB /* Frameworks */ = {
			isa = PBXFrameworksBuildPhase;
			buildActionMask = 2147483647;
			files = (
			);
			runOnlyForDeploymentPostprocessing = 0;
		};
/* End PBXFrameworksBuildPhase section */

/* Begin PBXGroup section */
		EB32C38E2446DAC900CD1DFB = {
			isa = PBXGroup;
			children = (
				EB32C3992446DAC900CD1DFB /* Grail Diary */,
				EB32C3982446DAC900CD1DFB /* Products */,
			);
			sourceTree = "<group>";
		};
		EB32C3982446DAC900CD1DFB /* Products */ = {
			isa = PBXGroup;
			children = (
				EB32C3972446DAC900CD1DFB /* Grail Diary.app */,
			);
			name = Products;
			sourceTree = "<group>";
		};
		EB32C3992446DAC900CD1DFB /* Grail Diary */ = {
			isa = PBXGroup;
			children = (
				EB32C39A2446DACA00CD1DFB /* AppDelegate.swift */,
				EB32C39C2446DACA00CD1DFB /* SceneDelegate.swift */,
				EB32C39E2446DACA00CD1DFB /* POIsTableViewController.swift */,
				EB32C3A02446DACA00CD1DFB /* Main.storyboard */,
				EB32C3A32446DACC00CD1DFB /* Assets.xcassets */,
				EB32C3A52446DACC00CD1DFB /* LaunchScreen.storyboard */,
				EB32C3A82446DACC00CD1DFB /* Info.plist */,
				EB32C3AE2446DE6C00CD1DFB /* README.md */,
			);
			path = "Grail Diary";
			sourceTree = "<group>";
		};
/* End PBXGroup section */

/* Begin PBXNativeTarget section */
		EB32C3962446DAC900CD1DFB /* Grail Diary */ = {
			isa = PBXNativeTarget;
			buildConfigurationList = EB32C3AB2446DACC00CD1DFB /* Build configuration list for PBXNativeTarget "Grail Diary" */;
			buildPhases = (
				EB32C3932446DAC900CD1DFB /* Sources */,
				EB32C3942446DAC900CD1DFB /* Frameworks */,
				EB32C3952446DAC900CD1DFB /* Resources */,
			);
			buildRules = (
			);
			dependencies = (
			);
			name = "Grail Diary";
			productName = "Grail Diary";
			productReference = EB32C3972446DAC900CD1DFB /* Grail Diary.app */;
			productType = "com.apple.product-type.application";
		};
/* End PBXNativeTarget section */

/* Begin PBXProject section */
		EB32C38F2446DAC900CD1DFB /* Project object */ = {
			isa = PBXProject;
			attributes = {
				LastSwiftUpdateCheck = 1140;
				LastUpgradeCheck = 1140;
				ORGANIZATIONNAME = "Iyin Raphael";
				TargetAttributes = {
					EB32C3962446DAC900CD1DFB = {
						CreatedOnToolsVersion = 11.4;
					};
				};
			};
			buildConfigurationList = EB32C3922446DAC900CD1DFB /* Build configuration list for PBXProject "Grail Diary" */;
			compatibilityVersion = "Xcode 9.3";
			developmentRegion = en;
			hasScannedForEncodings = 0;
			knownRegions = (
				en,
				Base,
			);
			mainGroup = EB32C38E2446DAC900CD1DFB;
			productRefGroup = EB32C3982446DAC900CD1DFB /* Products */;
			projectDirPath = "";
			projectRoot = "";
			targets = (
				EB32C3962446DAC900CD1DFB /* Grail Diary */,
			);
		};
/* End PBXProject section */

/* Begin PBXResourcesBuildPhase section */
		EB32C3952446DAC900CD1DFB /* Resources */ = {
			isa = PBXResourcesBuildPhase;
			buildActionMask = 2147483647;
			files = (
				EB32C3A72446DACC00CD1DFB /* LaunchScreen.storyboard in Resources */,
				EB32C3A42446DACC00CD1DFB /* Assets.xcassets in Resources */,
				EB32C3A22446DACA00CD1DFB /* Main.storyboard in Resources */,
			);
			runOnlyForDeploymentPostprocessing = 0;
		};
/* End PBXResourcesBuildPhase section */

/* Begin PBXSourcesBuildPhase section */
		EB32C3932446DAC900CD1DFB /* Sources */ = {
			isa = PBXSourcesBuildPhase;
			buildActionMask = 2147483647;
			files = (
				EB32C39F2446DACA00CD1DFB /* POIsTableViewController.swift in Sources */,
				EB32C39B2446DACA00CD1DFB /* AppDelegate.swift in Sources */,
				EB32C39D2446DACA00CD1DFB /* SceneDelegate.swift in Sources */,
			);
			runOnlyForDeploymentPostprocessing = 0;
		};
/* End PBXSourcesBuildPhase section */

/* Begin PBXVariantGroup section */
		EB32C3A02446DACA00CD1DFB /* Main.storyboard */ = {
			isa = PBXVariantGroup;
			children = (
				EB32C3A12446DACA00CD1DFB /* Base */,
			);
			name = Main.storyboard;
			sourceTree = "<group>";
		};
		EB32C3A52446DACC00CD1DFB /* LaunchScreen.storyboard */ = {
			isa = PBXVariantGroup;
			children = (
				EB32C3A62446DACC00CD1DFB /* Base */,
			);
			name = LaunchScreen.storyboard;
			sourceTree = "<group>";
		};
/* End PBXVariantGroup section */

/* Begin XCBuildConfiguration section */
		EB32C3A92446DACC00CD1DFB /* Debug */ = {
			isa = XCBuildConfiguration;
			buildSettings = {
				ALWAYS_SEARCH_USER_PATHS = NO;
				CLANG_ANALYZER_NONNULL = YES;
				CLANG_ANALYZER_NUMBER_OBJECT_CONVERSION = YES_AGGRESSIVE;
				CLANG_CXX_LANGUAGE_STANDARD = "gnu++14";
				CLANG_CXX_LIBRARY = "libc++";
				CLANG_ENABLE_MODULES = YES;
				CLANG_ENABLE_OBJC_ARC = YES;
				CLANG_ENABLE_OBJC_WEAK = YES;
				CLANG_WARN_BLOCK_CAPTURE_AUTORELEASING = YES;
				CLANG_WARN_BOOL_CONVERSION = YES;
				CLANG_WARN_COMMA = YES;
				CLANG_WARN_CONSTANT_CONVERSION = YES;
				CLANG_WARN_DEPRECATED_OBJC_IMPLEMENTATIONS = YES;
				CLANG_WARN_DIRECT_OBJC_ISA_USAGE = YES_ERROR;
				CLANG_WARN_DOCUMENTATION_COMMENTS = YES;
				CLANG_WARN_EMPTY_BODY = YES;
				CLANG_WARN_ENUM_CONVERSION = YES;
				CLANG_WARN_INFINITE_RECURSION = YES;
				CLANG_WARN_INT_CONVERSION = YES;
				CLANG_WARN_NON_LITERAL_NULL_CONVERSION = YES;
				CLANG_WARN_OBJC_IMPLICIT_RETAIN_SELF = YES;
				CLANG_WARN_OBJC_LITERAL_CONVERSION = YES;
				CLANG_WARN_OBJC_ROOT_CLASS = YES_ERROR;
				CLANG_WARN_RANGE_LOOP_ANALYSIS = YES;
				CLANG_WARN_STRICT_PROTOTYPES = YES;
				CLANG_WARN_SUSPICIOUS_MOVE = YES;
				CLANG_WARN_UNGUARDED_AVAILABILITY = YES_AGGRESSIVE;
				CLANG_WARN_UNREACHABLE_CODE = YES;
				CLANG_WARN__DUPLICATE_METHOD_MATCH = YES;
				COPY_PHASE_STRIP = NO;
				DEBUG_INFORMATION_FORMAT = dwarf;
				ENABLE_STRICT_OBJC_MSGSEND = YES;
				ENABLE_TESTABILITY = YES;
				GCC_C_LANGUAGE_STANDARD = gnu11;
				GCC_DYNAMIC_NO_PIC = NO;
				GCC_NO_COMMON_BLOCKS = YES;
				GCC_OPTIMIZATION_LEVEL = 0;
				GCC_PREPROCESSOR_DEFINITIONS = (
					"DEBUG=1",
					"$(inherited)",
				);
				GCC_WARN_64_TO_32_BIT_CONVERSION = YES;
				GCC_WARN_ABOUT_RETURN_TYPE = YES_ERROR;
				GCC_WARN_UNDECLARED_SELECTOR = YES;
				GCC_WARN_UNINITIALIZED_AUTOS = YES_AGGRESSIVE;
				GCC_WARN_UNUSED_FUNCTION = YES;
				GCC_WARN_UNUSED_VARIABLE = YES;
				IPHONEOS_DEPLOYMENT_TARGET = 13.4;
				MTL_ENABLE_DEBUG_INFO = INCLUDE_SOURCE;
				MTL_FAST_MATH = YES;
				ONLY_ACTIVE_ARCH = YES;
				SDKROOT = iphoneos;
				SWIFT_ACTIVE_COMPILATION_CONDITIONS = DEBUG;
				SWIFT_OPTIMIZATION_LEVEL = "-Onone";
			};
			name = Debug;
		};
		EB32C3AA2446DACC00CD1DFB /* Release */ = {
			isa = XCBuildConfiguration;
			buildSettings = {
				ALWAYS_SEARCH_USER_PATHS = NO;
				CLANG_ANALYZER_NONNULL = YES;
				CLANG_ANALYZER_NUMBER_OBJECT_CONVERSION = YES_AGGRESSIVE;
				CLANG_CXX_LANGUAGE_STANDARD = "gnu++14";
				CLANG_CXX_LIBRARY = "libc++";
				CLANG_ENABLE_MODULES = YES;
				CLANG_ENABLE_OBJC_ARC = YES;
				CLANG_ENABLE_OBJC_WEAK = YES;
				CLANG_WARN_BLOCK_CAPTURE_AUTORELEASING = YES;
				CLANG_WARN_BOOL_CONVERSION = YES;
				CLANG_WARN_COMMA = YES;
				CLANG_WARN_CONSTANT_CONVERSION = YES;
				CLANG_WARN_DEPRECATED_OBJC_IMPLEMENTATIONS = YES;
				CLANG_WARN_DIRECT_OBJC_ISA_USAGE = YES_ERROR;
				CLANG_WARN_DOCUMENTATION_COMMENTS = YES;
				CLANG_WARN_EMPTY_BODY = YES;
				CLANG_WARN_ENUM_CONVERSION = YES;
				CLANG_WARN_INFINITE_RECURSION = YES;
				CLANG_WARN_INT_CONVERSION = YES;
				CLANG_WARN_NON_LITERAL_NULL_CONVERSION = YES;
				CLANG_WARN_OBJC_IMPLICIT_RETAIN_SELF = YES;
				CLANG_WARN_OBJC_LITERAL_CONVERSION = YES;
				CLANG_WARN_OBJC_ROOT_CLASS = YES_ERROR;
				CLANG_WARN_RANGE_LOOP_ANALYSIS = YES;
				CLANG_WARN_STRICT_PROTOTYPES = YES;
				CLANG_WARN_SUSPICIOUS_MOVE = YES;
				CLANG_WARN_UNGUARDED_AVAILABILITY = YES_AGGRESSIVE;
				CLANG_WARN_UNREACHABLE_CODE = YES;
				CLANG_WARN__DUPLICATE_METHOD_MATCH = YES;
				COPY_PHASE_STRIP = NO;
				DEBUG_INFORMATION_FORMAT = "dwarf-with-dsym";
				ENABLE_NS_ASSERTIONS = NO;
				ENABLE_STRICT_OBJC_MSGSEND = YES;
				GCC_C_LANGUAGE_STANDARD = gnu11;
				GCC_NO_COMMON_BLOCKS = YES;
				GCC_WARN_64_TO_32_BIT_CONVERSION = YES;
				GCC_WARN_ABOUT_RETURN_TYPE = YES_ERROR;
				GCC_WARN_UNDECLARED_SELECTOR = YES;
				GCC_WARN_UNINITIALIZED_AUTOS = YES_AGGRESSIVE;
				GCC_WARN_UNUSED_FUNCTION = YES;
				GCC_WARN_UNUSED_VARIABLE = YES;
				IPHONEOS_DEPLOYMENT_TARGET = 13.4;
				MTL_ENABLE_DEBUG_INFO = NO;
				MTL_FAST_MATH = YES;
				SDKROOT = iphoneos;
				SWIFT_COMPILATION_MODE = wholemodule;
				SWIFT_OPTIMIZATION_LEVEL = "-O";
				VALIDATE_PRODUCT = YES;
			};
			name = Release;
		};
		EB32C3AC2446DACC00CD1DFB /* Debug */ = {
			isa = XCBuildConfiguration;
			buildSettings = {
				ASSETCATALOG_COMPILER_APPICON_NAME = AppIcon;
				CODE_SIGN_STYLE = Automatic;
				INFOPLIST_FILE = "Grail Diary/Info.plist";
				LD_RUNPATH_SEARCH_PATHS = (
					"$(inherited)",
					"@executable_path/Frameworks",
				);
				PRODUCT_BUNDLE_IDENTIFIER = "com.iyinraphael.Grail-Diary";
				PRODUCT_NAME = "$(TARGET_NAME)";
				SWIFT_VERSION = 5.0;
				TARGETED_DEVICE_FAMILY = "1,2";
			};
			name = Debug;
		};
		EB32C3AD2446DACC00CD1DFB /* Release */ = {
			isa = XCBuildConfiguration;
			buildSettings = {
				ASSETCATALOG_COMPILER_APPICON_NAME = AppIcon;
				CODE_SIGN_STYLE = Automatic;
				INFOPLIST_FILE = "Grail Diary/Info.plist";
				LD_RUNPATH_SEARCH_PATHS = (
					"$(inherited)",
					"@executable_path/Frameworks",
				);
				PRODUCT_BUNDLE_IDENTIFIER = "com.iyinraphael.Grail-Diary";
				PRODUCT_NAME = "$(TARGET_NAME)";
				SWIFT_VERSION = 5.0;
				TARGETED_DEVICE_FAMILY = "1,2";
			};
			name = Release;
		};
/* End XCBuildConfiguration section */

/* Begin XCConfigurationList section */
		EB32C3922446DAC900CD1DFB /* Build configuration list for PBXProject "Grail Diary" */ = {
			isa = XCConfigurationList;
			buildConfigurations = (
				EB32C3A92446DACC00CD1DFB /* Debug */,
				EB32C3AA2446DACC00CD1DFB /* Release */,
			);
			defaultConfigurationIsVisible = 0;
			defaultConfigurationName = Release;
		};
		EB32C3AB2446DACC00CD1DFB /* Build configuration list for PBXNativeTarget "Grail Diary" */ = {
			isa = XCConfigurationList;
			buildConfigurations = (
				EB32C3AC2446DACC00CD1DFB /* Debug */,
				EB32C3AD2446DACC00CD1DFB /* Release */,
			);
			defaultConfigurationIsVisible = 0;
			defaultConfigurationName = Release;
		};
/* End XCConfigurationList section */
	};
	rootObject = EB32C38F2446DAC900CD1DFB /* Project object */;
}
